
Microsoft Visual Studio Solution File, Format Version 12.00
# Visual Studio 2013
Project("{FAE04EC0-301F-11D3-BF4B-00C04F79EFBC}") = "RunnerProjectTest.CSharp.Plugins", "RunnerProjectTest.CSharp.Plugins.csproj", "{7DD3B587-1660-F4B3-0AF8-3F559BE54266}"
EndProject
Project("{FAE04EC0-301F-11D3-BF4B-00C04F79EFBC}") = "RunnerProjectTest.CSharp", "RunnerProjectTest.CSharp.csproj", "{7059BD42-41ED-CBC9-C5B8-FE4DDD9290C6}"
EndProject
Global
	GlobalSection(SolutionConfigurationPlatforms) = preSolution
		Debug|Any CPU = Debug|Any CPU
		Release|Any CPU = Release|Any CPU
	EndGlobalSection
	GlobalSection(ProjectConfigurationPlatforms) = postSolution
		{7DD3B587-1660-F4B3-0AF8-3F559BE54266}.Debug|Any CPU.ActiveCfg = Debug|Any CPU
		{7DD3B587-1660-F4B3-0AF8-3F559BE54266}.Debug|Any CPU.Build.0 = Debug|Any CPU
		{7DD3B587-1660-F4B3-0AF8-3F559BE54266}.Release|Any CPU.ActiveCfg = Release|Any CPU
		{7DD3B587-1660-F4B3-0AF8-3F559BE54266}.Release|Any CPU.Build.0 = Release|Any CPU
		{7059BD42-41ED-CBC9-C5B8-FE4DDD9290C6}.Debug|Any CPU.ActiveCfg = Debug|Any CPU
		{7059BD42-41ED-CBC9-C5B8-FE4DDD9290C6}.Debug|Any CPU.Build.0 = Debug|Any CPU
		{7059BD42-41ED-CBC9-C5B8-FE4DDD9290C6}.Release|Any CPU.ActiveCfg = Release|Any CPU
		{7059BD42-41ED-CBC9-C5B8-FE4DDD9290C6}.Release|Any CPU.Build.0 = Release|Any CPU
	EndGlobalSection
	GlobalSection(SolutionProperties) = preSolution
		HideSolutionNode = FALSE
	EndGlobalSection
EndGlobal
